
Microsoft Visual Studio Solution File, Format Version 12.00
# Visual Studio 15
VisualStudioVersion = 15.0.26430.16
MinimumVisualStudioVersion = 10.0.40219.1
Project("{2150E333-8FDC-42A3-9474-1A3956D46DE8}") = "0 - Presentation", "0 - Presentation", "{70FA204E-64F5-4BDB-A565-A57D49D0565C}"
EndProject
Project("{2150E333-8FDC-42A3-9474-1A3956D46DE8}") = "1 - Service", "1 - Service", "{34717DFE-9D79-4829-A4C7-E10D8FB374A9}"
EndProject
Project("{2150E333-8FDC-42A3-9474-1A3956D46DE8}") = "2 - Aplication", "2 - Aplication", "{4BDA5D13-F5EA-4D7F-9055-0ED384BD9051}"
EndProject
Project("{2150E333-8FDC-42A3-9474-1A3956D46DE8}") = "3 - Domain", "3 - Domain", "{CB31B0CA-8E5C-4562-A32B-52FEB6D7803F}"
EndProject
Project("{2150E333-8FDC-42A3-9474-1A3956D46DE8}") = "4 - Infra", "4 - Infra", "{15F82DE5-29F5-4BB6-8EE1-1403C2B4CFA7}"
EndProject
Project("{2150E333-8FDC-42A3-9474-1A3956D46DE8}") = "4.1 - Data", "4.1 - Data", "{6424D058-29DF-420B-A6AD-9932B8831263}"
EndProject
Project("{2150E333-8FDC-42A3-9474-1A3956D46DE8}") = "4.2 - CrossCutting", "4.2 - CrossCutting", "{4A87B9F7-EB81-48AA-948E-9A7D08033D1B}"
EndProject
Project("{FAE04EC0-301F-11D3-BF4B-00C04F79EFBC}") = "ProjetoDDD2PiP2.MVC", "ProjetoDDD2PiP2.MVC\ProjetoDDD2PiP2.MVC.csproj", "{01E58EC4-BD48-4649-9149-E360D96CC2E9}"
EndProject
Project("{FAE04EC0-301F-11D3-BF4B-00C04F79EFBC}") = "ProjetoDDD2PiP2.Domain", "ProjetoDDD2PiP2.Domain\ProjetoDDD2PiP2.Domain.csproj", "{D09C4D98-BDCC-4B12-BBC6-51B953F39944}"
EndProject
Project("{FAE04EC0-301F-11D3-BF4B-00C04F79EFBC}") = "ProjetoDDD2PiP2.Infra.Data", "ProjetoDDD2PiP2.Infra.Data\ProjetoDDD2PiP2.Infra.Data.csproj", "{7AF17172-9831-4722-A0B8-CB865B7CEBE0}"
EndProject
Project("{FAE04EC0-301F-11D3-BF4B-00C04F79EFBC}") = "ProjetoDDD2PiP2.Application", "ProjetoDDD2PiP2.Application\ProjetoDDD2PiP2.Application.csproj", "{2A7B8CC8-4824-4285-AADF-0BA252551D39}"
EndProject
Project("{FAE04EC0-301F-11D3-BF4B-00C04F79EFBC}") = "Fenix.Infra.Data", "Fenix.Infra.Data\Fenix.Infra.Data.csproj", "{11DC9F47-F369-4977-96F5-EC0732E2AD82}"
EndProject
Project("{FAE04EC0-301F-11D3-BF4B-00C04F79EFBC}") = "Fenix.Domain", "Fenix.Domain\Fenix.Domain.csproj", "{0504E340-EE28-47A4-8BBA-79453D66475D}"
EndProject
Project("{FAE04EC0-301F-11D3-BF4B-00C04F79EFBC}") = "Brauna.Domain", "Brauna.Domain\Brauna.Domain.csproj", "{361DEE9E-B121-49FB-B9F9-B019B2A8D3A6}"
EndProject
Project("{FAE04EC0-301F-11D3-BF4B-00C04F79EFBC}") = "Brauna.Infra.Data", "Brauna.Infra.Data\Brauna.Infra.Data.csproj", "{AF28F53B-0B28-40F3-ACEC-1D95FE012827}"
EndProject
Project("{FAE04EC0-301F-11D3-BF4B-00C04F79EFBC}") = "Verre.Infra.Data", "Verre\Verre.Infra.Data.csproj", "{597DE0F2-DA7E-4D2B-8A41-74F30FB2F008}"
EndProject
Project("{FAE04EC0-301F-11D3-BF4B-00C04F79EFBC}") = "Verre.Domain", "Verre.Domain\Verre.Domain.csproj", "{105C240C-701B-4354-A50D-9C6ADFDC0D04}"
EndProject
Project("{FAE04EC0-301F-11D3-BF4B-00C04F79EFBC}") = "Brauna.Services", "Brauna.Services\Brauna.Services.csproj", "{8232AA88-E477-4626-A854-D3002C70F3A0}"
EndProject
Project("{FAE04EC0-301F-11D3-BF4B-00C04F79EFBC}") = "Verre.Application", "Fenix.Application\Verre.Application.csproj", "{EB4A0158-2089-4633-9D4E-345EAADC23B3}"
EndProject
Project("{FAE04EC0-301F-11D3-BF4B-00C04F79EFBC}") = "Seek4Job.Domain", "Seek4Job.Domain\Seek4Job.Domain.csproj", "{CD056F1D-CC1D-4EB2-932B-573B8CE4DBEF}"
EndProject
Project("{FAE04EC0-301F-11D3-BF4B-00C04F79EFBC}") = "Verre.MVC", "Verre.MVC\Verre.MVC.csproj", "{2F0CF3C4-14B3-4DF9-BA71-8DE951A79E4E}"
EndProject
Project("{FAE04EC0-301F-11D3-BF4B-00C04F79EFBC}") = "AudIO.Domain", "AudIO.Domain\AudIO.Domain.csproj", "{C36B20D4-A0E4-44FC-92D7-A6F1BB9E1B4F}"
EndProject
Project("{FAE04EC0-301F-11D3-BF4B-00C04F79EFBC}") = "Verre1.Mobi.iOS", "Verre1.Mobi.iOS\Verre1.Mobi.iOS.csproj", "{C73EDD65-17B8-4669-9189-B25F19F73FA1}"
EndProject
Project("{FAE04EC0-301F-11D3-BF4B-00C04F79EFBC}") = "Portal.Infra.CrossCutting.Identity", "Portal.Infra.CrossCutting\Portal.Infra.CrossCutting.Identity.csproj", "{8D5BB77B-C518-4E82-A749-8362A13CD968}"
EndProject
Project("{FAE04EC0-301F-11D3-BF4B-00C04F79EFBC}") = "Portal.Infra.CrossCutting.IoC", "Portal.Infra.CrossCuting.IoC\Portal.Infra.CrossCutting.IoC.csproj", "{A6849EA8-E17C-47D4-A963-34F33471DA1C}"
EndProject
Project("{FAE04EC0-301F-11D3-BF4B-00C04F79EFBC}") = "Verre.WebAPI", "Verre.WebAPI\Verre.WebAPI.csproj", "{741E4A61-9AC6-4F48-A09E-0DE326DB7F51}"
EndProject
Global
	GlobalSection(SolutionConfigurationPlatforms) = preSolution
		Ad-Hoc|Any CPU = Ad-Hoc|Any CPU
		Ad-Hoc|iPhone = Ad-Hoc|iPhone
		Ad-Hoc|iPhoneSimulator = Ad-Hoc|iPhoneSimulator
		AppStore|Any CPU = AppStore|Any CPU
		AppStore|iPhone = AppStore|iPhone
		AppStore|iPhoneSimulator = AppStore|iPhoneSimulator
		Debug|Any CPU = Debug|Any CPU
		Debug|iPhone = Debug|iPhone
		Debug|iPhoneSimulator = Debug|iPhoneSimulator
		Release|Any CPU = Release|Any CPU
		Release|iPhone = Release|iPhone
		Release|iPhoneSimulator = Release|iPhoneSimulator
	EndGlobalSection
	GlobalSection(ProjectConfigurationPlatforms) = postSolution
		{01E58EC4-BD48-4649-9149-E360D96CC2E9}.Ad-Hoc|Any CPU.ActiveCfg = Release|Any CPU
		{01E58EC4-BD48-4649-9149-E360D96CC2E9}.Ad-Hoc|Any CPU.Build.0 = Release|Any CPU
		{01E58EC4-BD48-4649-9149-E360D96CC2E9}.Ad-Hoc|iPhone.ActiveCfg = Release|Any CPU
		{01E58EC4-BD48-4649-9149-E360D96CC2E9}.Ad-Hoc|iPhone.Build.0 = Release|Any CPU
		{01E58EC4-BD48-4649-9149-E360D96CC2E9}.Ad-Hoc|iPhoneSimulator.ActiveCfg = Release|Any CPU
		{01E58EC4-BD48-4649-9149-E360D96CC2E9}.Ad-Hoc|iPhoneSimulator.Build.0 = Release|Any CPU
		{01E58EC4-BD48-4649-9149-E360D96CC2E9}.AppStore|Any CPU.ActiveCfg = Release|Any CPU
		{01E58EC4-BD48-4649-9149-E360D96CC2E9}.AppStore|Any CPU.Build.0 = Release|Any CPU
		{01E58EC4-BD48-4649-9149-E360D96CC2E9}.AppStore|iPhone.ActiveCfg = Release|Any CPU
		{01E58EC4-BD48-4649-9149-E360D96CC2E9}.AppStore|iPhone.Build.0 = Release|Any CPU
		{01E58EC4-BD48-4649-9149-E360D96CC2E9}.AppStore|iPhoneSimulator.ActiveCfg = Release|Any CPU
		{01E58EC4-BD48-4649-9149-E360D96CC2E9}.AppStore|iPhoneSimulator.Build.0 = Release|Any CPU
		{01E58EC4-BD48-4649-9149-E360D96CC2E9}.Debug|Any CPU.ActiveCfg = Debug|Any CPU
		{01E58EC4-BD48-4649-9149-E360D96CC2E9}.Debug|Any CPU.Build.0 = Debug|Any CPU
		{01E58EC4-BD48-4649-9149-E360D96CC2E9}.Debug|iPhone.ActiveCfg = Debug|Any CPU
		{01E58EC4-BD48-4649-9149-E360D96CC2E9}.Debug|iPhone.Build.0 = Debug|Any CPU
		{01E58EC4-BD48-4649-9149-E360D96CC2E9}.Debug|iPhoneSimulator.ActiveCfg = Debug|Any CPU
		{01E58EC4-BD48-4649-9149-E360D96CC2E9}.Debug|iPhoneSimulator.Build.0 = Debug|Any CPU
		{01E58EC4-BD48-4649-9149-E360D96CC2E9}.Release|Any CPU.ActiveCfg = Release|Any CPU
		{01E58EC4-BD48-4649-9149-E360D96CC2E9}.Release|Any CPU.Build.0 = Release|Any CPU
		{01E58EC4-BD48-4649-9149-E360D96CC2E9}.Release|iPhone.ActiveCfg = Release|Any CPU
		{01E58EC4-BD48-4649-9149-E360D96CC2E9}.Release|iPhone.Build.0 = Release|Any CPU
		{01E58EC4-BD48-4649-9149-E360D96CC2E9}.Release|iPhoneSimulator.ActiveCfg = Release|Any CPU
		{01E58EC4-BD48-4649-9149-E360D96CC2E9}.Release|iPhoneSimulator.Build.0 = Release|Any CPU
		{D09C4D98-BDCC-4B12-BBC6-51B953F39944}.Ad-Hoc|Any CPU.ActiveCfg = Release|Any CPU
		{D09C4D98-BDCC-4B12-BBC6-51B953F39944}.Ad-Hoc|Any CPU.Build.0 = Release|Any CPU
		{D09C4D98-BDCC-4B12-BBC6-51B953F39944}.Ad-Hoc|iPhone.ActiveCfg = Release|Any CPU
		{D09C4D98-BDCC-4B12-BBC6-51B953F39944}.Ad-Hoc|iPhone.Build.0 = Release|Any CPU
		{D09C4D98-BDCC-4B12-BBC6-51B953F39944}.Ad-Hoc|iPhoneSimulator.ActiveCfg = Release|Any CPU
		{D09C4D98-BDCC-4B12-BBC6-51B953F39944}.Ad-Hoc|iPhoneSimulator.Build.0 = Release|Any CPU
		{D09C4D98-BDCC-4B12-BBC6-51B953F39944}.AppStore|Any CPU.ActiveCfg = Release|Any CPU
		{D09C4D98-BDCC-4B12-BBC6-51B953F39944}.AppStore|Any CPU.Build.0 = Release|Any CPU
		{D09C4D98-BDCC-4B12-BBC6-51B953F39944}.AppStore|iPhone.ActiveCfg = Release|Any CPU
		{D09C4D98-BDCC-4B12-BBC6-51B953F39944}.AppStore|iPhone.Build.0 = Release|Any CPU
		{D09C4D98-BDCC-4B12-BBC6-51B953F39944}.AppStore|iPhoneSimulator.ActiveCfg = Release|Any CPU
		{D09C4D98-BDCC-4B12-BBC6-51B953F39944}.AppStore|iPhoneSimulator.Build.0 = Release|Any CPU
		{D09C4D98-BDCC-4B12-BBC6-51B953F39944}.Debug|Any CPU.ActiveCfg = Debug|Any CPU
		{D09C4D98-BDCC-4B12-BBC6-51B953F39944}.Debug|Any CPU.Build.0 = Debug|Any CPU
		{D09C4D98-BDCC-4B12-BBC6-51B953F39944}.Debug|iPhone.ActiveCfg = Debug|Any CPU
		{D09C4D98-BDCC-4B12-BBC6-51B953F39944}.Debug|iPhone.Build.0 = Debug|Any CPU
		{D09C4D98-BDCC-4B12-BBC6-51B953F39944}.Debug|iPhoneSimulator.ActiveCfg = Debug|Any CPU
		{D09C4D98-BDCC-4B12-BBC6-51B953F39944}.Debug|iPhoneSimulator.Build.0 = Debug|Any CPU
		{D09C4D98-BDCC-4B12-BBC6-51B953F39944}.Release|Any CPU.ActiveCfg = Release|Any CPU
		{D09C4D98-BDCC-4B12-BBC6-51B953F39944}.Release|Any CPU.Build.0 = Release|Any CPU
		{D09C4D98-BDCC-4B12-BBC6-51B953F39944}.Release|iPhone.ActiveCfg = Release|Any CPU
		{D09C4D98-BDCC-4B12-BBC6-51B953F39944}.Release|iPhone.Build.0 = Release|Any CPU
		{D09C4D98-BDCC-4B12-BBC6-51B953F39944}.Release|iPhoneSimulator.ActiveCfg = Release|Any CPU
		{D09C4D98-BDCC-4B12-BBC6-51B953F39944}.Release|iPhoneSimulator.Build.0 = Release|Any CPU
		{7AF17172-9831-4722-A0B8-CB865B7CEBE0}.Ad-Hoc|Any CPU.ActiveCfg = Release|Any CPU
		{7AF17172-9831-4722-A0B8-CB865B7CEBE0}.Ad-Hoc|Any CPU.Build.0 = Release|Any CPU
		{7AF17172-9831-4722-A0B8-CB865B7CEBE0}.Ad-Hoc|iPhone.ActiveCfg = Release|Any CPU
		{7AF17172-9831-4722-A0B8-CB865B7CEBE0}.Ad-Hoc|iPhone.Build.0 = Release|Any CPU
		{7AF17172-9831-4722-A0B8-CB865B7CEBE0}.Ad-Hoc|iPhoneSimulator.ActiveCfg = Release|Any CPU
		{7AF17172-9831-4722-A0B8-CB865B7CEBE0}.Ad-Hoc|iPhoneSimulator.Build.0 = Release|Any CPU
		{7AF17172-9831-4722-A0B8-CB865B7CEBE0}.AppStore|Any CPU.ActiveCfg = Release|Any CPU
		{7AF17172-9831-4722-A0B8-CB865B7CEBE0}.AppStore|Any CPU.Build.0 = Release|Any CPU
		{7AF17172-9831-4722-A0B8-CB865B7CEBE0}.AppStore|iPhone.ActiveCfg = Release|Any CPU
		{7AF17172-9831-4722-A0B8-CB865B7CEBE0}.AppStore|iPhone.Build.0 = Release|Any CPU
		{7AF17172-9831-4722-A0B8-CB865B7CEBE0}.AppStore|iPhoneSimulator.ActiveCfg = Release|Any CPU
		{7AF17172-9831-4722-A0B8-CB865B7CEBE0}.AppStore|iPhoneSimulator.Build.0 = Release|Any CPU
		{7AF17172-9831-4722-A0B8-CB865B7CEBE0}.Debug|Any CPU.ActiveCfg = Debug|Any CPU
		{7AF17172-9831-4722-A0B8-CB865B7CEBE0}.Debug|Any CPU.Build.0 = Debug|Any CPU
		{7AF17172-9831-4722-A0B8-CB865B7CEBE0}.Debug|iPhone.ActiveCfg = Debug|Any CPU
		{7AF17172-9831-4722-A0B8-CB865B7CEBE0}.Debug|iPhone.Build.0 = Debug|Any CPU
		{7AF17172-9831-4722-A0B8-CB865B7CEBE0}.Debug|iPhoneSimulator.ActiveCfg = Debug|Any CPU
		{7AF17172-9831-4722-A0B8-CB865B7CEBE0}.Debug|iPhoneSimulator.Build.0 = Debug|Any CPU
		{7AF17172-9831-4722-A0B8-CB865B7CEBE0}.Release|Any CPU.ActiveCfg = Release|Any CPU
		{7AF17172-9831-4722-A0B8-CB865B7CEBE0}.Release|Any CPU.Build.0 = Release|Any CPU
		{7AF17172-9831-4722-A0B8-CB865B7CEBE0}.Release|iPhone.ActiveCfg = Release|Any CPU
		{7AF17172-9831-4722-A0B8-CB865B7CEBE0}.Release|iPhone.Build.0 = Release|Any CPU
		{7AF17172-9831-4722-A0B8-CB865B7CEBE0}.Release|iPhoneSimulator.ActiveCfg = Release|Any CPU
		{7AF17172-9831-4722-A0B8-CB865B7CEBE0}.Release|iPhoneSimulator.Build.0 = Release|Any CPU
		{2A7B8CC8-4824-4285-AADF-0BA252551D39}.Ad-Hoc|Any CPU.ActiveCfg = Release|Any CPU
		{2A7B8CC8-4824-4285-AADF-0BA252551D39}.Ad-Hoc|Any CPU.Build.0 = Release|Any CPU
		{2A7B8CC8-4824-4285-AADF-0BA252551D39}.Ad-Hoc|iPhone.ActiveCfg = Release|Any CPU
		{2A7B8CC8-4824-4285-AADF-0BA252551D39}.Ad-Hoc|iPhone.Build.0 = Release|Any CPU
		{2A7B8CC8-4824-4285-AADF-0BA252551D39}.Ad-Hoc|iPhoneSimulator.ActiveCfg = Release|Any CPU
		{2A7B8CC8-4824-4285-AADF-0BA252551D39}.Ad-Hoc|iPhoneSimulator.Build.0 = Release|Any CPU
		{2A7B8CC8-4824-4285-AADF-0BA252551D39}.AppStore|Any CPU.ActiveCfg = Release|Any CPU
		{2A7B8CC8-4824-4285-AADF-0BA252551D39}.AppStore|Any CPU.Build.0 = Release|Any CPU
		{2A7B8CC8-4824-4285-AADF-0BA252551D39}.AppStore|iPhone.ActiveCfg = Release|Any CPU
		{2A7B8CC8-4824-4285-AADF-0BA252551D39}.AppStore|iPhone.Build.0 = Release|Any CPU
		{2A7B8CC8-4824-4285-AADF-0BA252551D39}.AppStore|iPhoneSimulator.ActiveCfg = Release|Any CPU
		{2A7B8CC8-4824-4285-AADF-0BA252551D39}.AppStore|iPhoneSimulator.Build.0 = Release|Any CPU
		{2A7B8CC8-4824-4285-AADF-0BA252551D39}.Debug|Any CPU.ActiveCfg = Debug|Any CPU
		{2A7B8CC8-4824-4285-AADF-0BA252551D39}.Debug|Any CPU.Build.0 = Debug|Any CPU
		{2A7B8CC8-4824-4285-AADF-0BA252551D39}.Debug|iPhone.ActiveCfg = Debug|Any CPU
		{2A7B8CC8-4824-4285-AADF-0BA252551D39}.Debug|iPhone.Build.0 = Debug|Any CPU
		{2A7B8CC8-4824-4285-AADF-0BA252551D39}.Debug|iPhoneSimulator.ActiveCfg = Debug|Any CPU
		{2A7B8CC8-4824-4285-AADF-0BA252551D39}.Debug|iPhoneSimulator.Build.0 = Debug|Any CPU
		{2A7B8CC8-4824-4285-AADF-0BA252551D39}.Release|Any CPU.ActiveCfg = Release|Any CPU
		{2A7B8CC8-4824-4285-AADF-0BA252551D39}.Release|Any CPU.Build.0 = Release|Any CPU
		{2A7B8CC8-4824-4285-AADF-0BA252551D39}.Release|iPhone.ActiveCfg = Release|Any CPU
		{2A7B8CC8-4824-4285-AADF-0BA252551D39}.Release|iPhone.Build.0 = Release|Any CPU
		{2A7B8CC8-4824-4285-AADF-0BA252551D39}.Release|iPhoneSimulator.ActiveCfg = Release|Any CPU
		{2A7B8CC8-4824-4285-AADF-0BA252551D39}.Release|iPhoneSimulator.Build.0 = Release|Any CPU
		{11DC9F47-F369-4977-96F5-EC0732E2AD82}.Ad-Hoc|Any CPU.ActiveCfg = Release|Any CPU
		{11DC9F47-F369-4977-96F5-EC0732E2AD82}.Ad-Hoc|Any CPU.Build.0 = Release|Any CPU
		{11DC9F47-F369-4977-96F5-EC0732E2AD82}.Ad-Hoc|iPhone.ActiveCfg = Release|Any CPU
		{11DC9F47-F369-4977-96F5-EC0732E2AD82}.Ad-Hoc|iPhone.Build.0 = Release|Any CPU
		{11DC9F47-F369-4977-96F5-EC0732E2AD82}.Ad-Hoc|iPhoneSimulator.ActiveCfg = Release|Any CPU
		{11DC9F47-F369-4977-96F5-EC0732E2AD82}.Ad-Hoc|iPhoneSimulator.Build.0 = Release|Any CPU
		{11DC9F47-F369-4977-96F5-EC0732E2AD82}.AppStore|Any CPU.ActiveCfg = Release|Any CPU
		{11DC9F47-F369-4977-96F5-EC0732E2AD82}.AppStore|Any CPU.Build.0 = Release|Any CPU
		{11DC9F47-F369-4977-96F5-EC0732E2AD82}.AppStore|iPhone.ActiveCfg = Release|Any CPU
		{11DC9F47-F369-4977-96F5-EC0732E2AD82}.AppStore|iPhone.Build.0 = Release|Any CPU
		{11DC9F47-F369-4977-96F5-EC0732E2AD82}.AppStore|iPhoneSimulator.ActiveCfg = Release|Any CPU
		{11DC9F47-F369-4977-96F5-EC0732E2AD82}.AppStore|iPhoneSimulator.Build.0 = Release|Any CPU
		{11DC9F47-F369-4977-96F5-EC0732E2AD82}.Debug|Any CPU.ActiveCfg = Debug|Any CPU
		{11DC9F47-F369-4977-96F5-EC0732E2AD82}.Debug|Any CPU.Build.0 = Debug|Any CPU
		{11DC9F47-F369-4977-96F5-EC0732E2AD82}.Debug|iPhone.ActiveCfg = Debug|Any CPU
		{11DC9F47-F369-4977-96F5-EC0732E2AD82}.Debug|iPhone.Build.0 = Debug|Any CPU
		{11DC9F47-F369-4977-96F5-EC0732E2AD82}.Debug|iPhoneSimulator.ActiveCfg = Debug|Any CPU
		{11DC9F47-F369-4977-96F5-EC0732E2AD82}.Debug|iPhoneSimulator.Build.0 = Debug|Any CPU
		{11DC9F47-F369-4977-96F5-EC0732E2AD82}.Release|Any CPU.ActiveCfg = Release|Any CPU
		{11DC9F47-F369-4977-96F5-EC0732E2AD82}.Release|Any CPU.Build.0 = Release|Any CPU
		{11DC9F47-F369-4977-96F5-EC0732E2AD82}.Release|iPhone.ActiveCfg = Release|Any CPU
		{11DC9F47-F369-4977-96F5-EC0732E2AD82}.Release|iPhone.Build.0 = Release|Any CPU
		{11DC9F47-F369-4977-96F5-EC0732E2AD82}.Release|iPhoneSimulator.ActiveCfg = Release|Any CPU
		{11DC9F47-F369-4977-96F5-EC0732E2AD82}.Release|iPhoneSimulator.Build.0 = Release|Any CPU
		{0504E340-EE28-47A4-8BBA-79453D66475D}.Ad-Hoc|Any CPU.ActiveCfg = Release|Any CPU
		{0504E340-EE28-47A4-8BBA-79453D66475D}.Ad-Hoc|Any CPU.Build.0 = Release|Any CPU
		{0504E340-EE28-47A4-8BBA-79453D66475D}.Ad-Hoc|iPhone.ActiveCfg = Release|Any CPU
		{0504E340-EE28-47A4-8BBA-79453D66475D}.Ad-Hoc|iPhone.Build.0 = Release|Any CPU
		{0504E340-EE28-47A4-8BBA-79453D66475D}.Ad-Hoc|iPhoneSimulator.ActiveCfg = Release|Any CPU
		{0504E340-EE28-47A4-8BBA-79453D66475D}.Ad-Hoc|iPhoneSimulator.Build.0 = Release|Any CPU
		{0504E340-EE28-47A4-8BBA-79453D66475D}.AppStore|Any CPU.ActiveCfg = Release|Any CPU
		{0504E340-EE28-47A4-8BBA-79453D66475D}.AppStore|Any CPU.Build.0 = Release|Any CPU
		{0504E340-EE28-47A4-8BBA-79453D66475D}.AppStore|iPhone.ActiveCfg = Release|Any CPU
		{0504E340-EE28-47A4-8BBA-79453D66475D}.AppStore|iPhone.Build.0 = Release|Any CPU
		{0504E340-EE28-47A4-8BBA-79453D66475D}.AppStore|iPhoneSimulator.ActiveCfg = Release|Any CPU
		{0504E340-EE28-47A4-8BBA-79453D66475D}.AppStore|iPhoneSimulator.Build.0 = Release|Any CPU
		{0504E340-EE28-47A4-8BBA-79453D66475D}.Debug|Any CPU.ActiveCfg = Debug|Any CPU
		{0504E340-EE28-47A4-8BBA-79453D66475D}.Debug|Any CPU.Build.0 = Debug|Any CPU
		{0504E340-EE28-47A4-8BBA-79453D66475D}.Debug|iPhone.ActiveCfg = Debug|Any CPU
		{0504E340-EE28-47A4-8BBA-79453D66475D}.Debug|iPhone.Build.0 = Debug|Any CPU
		{0504E340-EE28-47A4-8BBA-79453D66475D}.Debug|iPhoneSimulator.ActiveCfg = Debug|Any CPU
		{0504E340-EE28-47A4-8BBA-79453D66475D}.Debug|iPhoneSimulator.Build.0 = Debug|Any CPU
		{0504E340-EE28-47A4-8BBA-79453D66475D}.Release|Any CPU.ActiveCfg = Release|Any CPU
		{0504E340-EE28-47A4-8BBA-79453D66475D}.Release|Any CPU.Build.0 = Release|Any CPU
		{0504E340-EE28-47A4-8BBA-79453D66475D}.Release|iPhone.ActiveCfg = Release|Any CPU
		{0504E340-EE28-47A4-8BBA-79453D66475D}.Release|iPhone.Build.0 = Release|Any CPU
		{0504E340-EE28-47A4-8BBA-79453D66475D}.Release|iPhoneSimulator.ActiveCfg = Release|Any CPU
		{0504E340-EE28-47A4-8BBA-79453D66475D}.Release|iPhoneSimulator.Build.0 = Release|Any CPU
		{361DEE9E-B121-49FB-B9F9-B019B2A8D3A6}.Ad-Hoc|Any CPU.ActiveCfg = Release|Any CPU
		{361DEE9E-B121-49FB-B9F9-B019B2A8D3A6}.Ad-Hoc|Any CPU.Build.0 = Release|Any CPU
		{361DEE9E-B121-49FB-B9F9-B019B2A8D3A6}.Ad-Hoc|iPhone.ActiveCfg = Release|Any CPU
		{361DEE9E-B121-49FB-B9F9-B019B2A8D3A6}.Ad-Hoc|iPhone.Build.0 = Release|Any CPU
		{361DEE9E-B121-49FB-B9F9-B019B2A8D3A6}.Ad-Hoc|iPhoneSimulator.ActiveCfg = Release|Any CPU
		{361DEE9E-B121-49FB-B9F9-B019B2A8D3A6}.Ad-Hoc|iPhoneSimulator.Build.0 = Release|Any CPU
		{361DEE9E-B121-49FB-B9F9-B019B2A8D3A6}.AppStore|Any CPU.ActiveCfg = Release|Any CPU
		{361DEE9E-B121-49FB-B9F9-B019B2A8D3A6}.AppStore|Any CPU.Build.0 = Release|Any CPU
		{361DEE9E-B121-49FB-B9F9-B019B2A8D3A6}.AppStore|iPhone.ActiveCfg = Release|Any CPU
		{361DEE9E-B121-49FB-B9F9-B019B2A8D3A6}.AppStore|iPhone.Build.0 = Release|Any CPU
		{361DEE9E-B121-49FB-B9F9-B019B2A8D3A6}.AppStore|iPhoneSimulator.ActiveCfg = Release|Any CPU
		{361DEE9E-B121-49FB-B9F9-B019B2A8D3A6}.AppStore|iPhoneSimulator.Build.0 = Release|Any CPU
		{361DEE9E-B121-49FB-B9F9-B019B2A8D3A6}.Debug|Any CPU.ActiveCfg = Debug|Any CPU
		{361DEE9E-B121-49FB-B9F9-B019B2A8D3A6}.Debug|Any CPU.Build.0 = Debug|Any CPU
		{361DEE9E-B121-49FB-B9F9-B019B2A8D3A6}.Debug|iPhone.ActiveCfg = Debug|Any CPU
		{361DEE9E-B121-49FB-B9F9-B019B2A8D3A6}.Debug|iPhone.Build.0 = Debug|Any CPU
		{361DEE9E-B121-49FB-B9F9-B019B2A8D3A6}.Debug|iPhoneSimulator.ActiveCfg = Debug|Any CPU
		{361DEE9E-B121-49FB-B9F9-B019B2A8D3A6}.Debug|iPhoneSimulator.Build.0 = Debug|Any CPU
		{361DEE9E-B121-49FB-B9F9-B019B2A8D3A6}.Release|Any CPU.ActiveCfg = Release|Any CPU
		{361DEE9E-B121-49FB-B9F9-B019B2A8D3A6}.Release|Any CPU.Build.0 = Release|Any CPU
		{361DEE9E-B121-49FB-B9F9-B019B2A8D3A6}.Release|iPhone.ActiveCfg = Release|Any CPU
		{361DEE9E-B121-49FB-B9F9-B019B2A8D3A6}.Release|iPhone.Build.0 = Release|Any CPU
		{361DEE9E-B121-49FB-B9F9-B019B2A8D3A6}.Release|iPhoneSimulator.ActiveCfg = Release|Any CPU
		{361DEE9E-B121-49FB-B9F9-B019B2A8D3A6}.Release|iPhoneSimulator.Build.0 = Release|Any CPU
		{AF28F53B-0B28-40F3-ACEC-1D95FE012827}.Ad-Hoc|Any CPU.ActiveCfg = Release|Any CPU
		{AF28F53B-0B28-40F3-ACEC-1D95FE012827}.Ad-Hoc|Any CPU.Build.0 = Release|Any CPU
		{AF28F53B-0B28-40F3-ACEC-1D95FE012827}.Ad-Hoc|iPhone.ActiveCfg = Release|Any CPU
		{AF28F53B-0B28-40F3-ACEC-1D95FE012827}.Ad-Hoc|iPhone.Build.0 = Release|Any CPU
		{AF28F53B-0B28-40F3-ACEC-1D95FE012827}.Ad-Hoc|iPhoneSimulator.ActiveCfg = Release|Any CPU
		{AF28F53B-0B28-40F3-ACEC-1D95FE012827}.Ad-Hoc|iPhoneSimulator.Build.0 = Release|Any CPU
		{AF28F53B-0B28-40F3-ACEC-1D95FE012827}.AppStore|Any CPU.ActiveCfg = Release|Any CPU
		{AF28F53B-0B28-40F3-ACEC-1D95FE012827}.AppStore|Any CPU.Build.0 = Release|Any CPU
		{AF28F53B-0B28-40F3-ACEC-1D95FE012827}.AppStore|iPhone.ActiveCfg = Release|Any CPU
		{AF28F53B-0B28-40F3-ACEC-1D95FE012827}.AppStore|iPhone.Build.0 = Release|Any CPU
		{AF28F53B-0B28-40F3-ACEC-1D95FE012827}.AppStore|iPhoneSimulator.ActiveCfg = Release|Any CPU
		{AF28F53B-0B28-40F3-ACEC-1D95FE012827}.AppStore|iPhoneSimulator.Build.0 = Release|Any CPU
		{AF28F53B-0B28-40F3-ACEC-1D95FE012827}.Debug|Any CPU.ActiveCfg = Debug|Any CPU
		{AF28F53B-0B28-40F3-ACEC-1D95FE012827}.Debug|Any CPU.Build.0 = Debug|Any CPU
		{AF28F53B-0B28-40F3-ACEC-1D95FE012827}.Debug|iPhone.ActiveCfg = Debug|Any CPU
		{AF28F53B-0B28-40F3-ACEC-1D95FE012827}.Debug|iPhone.Build.0 = Debug|Any CPU
		{AF28F53B-0B28-40F3-ACEC-1D95FE012827}.Debug|iPhoneSimulator.ActiveCfg = Debug|Any CPU
		{AF28F53B-0B28-40F3-ACEC-1D95FE012827}.Debug|iPhoneSimulator.Build.0 = Debug|Any CPU
		{AF28F53B-0B28-40F3-ACEC-1D95FE012827}.Release|Any CPU.ActiveCfg = Release|Any CPU
		{AF28F53B-0B28-40F3-ACEC-1D95FE012827}.Release|Any CPU.Build.0 = Release|Any CPU
		{AF28F53B-0B28-40F3-ACEC-1D95FE012827}.Release|iPhone.ActiveCfg = Release|Any CPU
		{AF28F53B-0B28-40F3-ACEC-1D95FE012827}.Release|iPhone.Build.0 = Release|Any CPU
		{AF28F53B-0B28-40F3-ACEC-1D95FE012827}.Release|iPhoneSimulator.ActiveCfg = Release|Any CPU
		{AF28F53B-0B28-40F3-ACEC-1D95FE012827}.Release|iPhoneSimulator.Build.0 = Release|Any CPU
		{597DE0F2-DA7E-4D2B-8A41-74F30FB2F008}.Ad-Hoc|Any CPU.ActiveCfg = Release|Any CPU
		{597DE0F2-DA7E-4D2B-8A41-74F30FB2F008}.Ad-Hoc|Any CPU.Build.0 = Release|Any CPU
		{597DE0F2-DA7E-4D2B-8A41-74F30FB2F008}.Ad-Hoc|iPhone.ActiveCfg = Release|Any CPU
		{597DE0F2-DA7E-4D2B-8A41-74F30FB2F008}.Ad-Hoc|iPhone.Build.0 = Release|Any CPU
		{597DE0F2-DA7E-4D2B-8A41-74F30FB2F008}.Ad-Hoc|iPhoneSimulator.ActiveCfg = Release|Any CPU
		{597DE0F2-DA7E-4D2B-8A41-74F30FB2F008}.Ad-Hoc|iPhoneSimulator.Build.0 = Release|Any CPU
		{597DE0F2-DA7E-4D2B-8A41-74F30FB2F008}.AppStore|Any CPU.ActiveCfg = Release|Any CPU
		{597DE0F2-DA7E-4D2B-8A41-74F30FB2F008}.AppStore|Any CPU.Build.0 = Release|Any CPU
		{597DE0F2-DA7E-4D2B-8A41-74F30FB2F008}.AppStore|iPhone.ActiveCfg = Release|Any CPU
		{597DE0F2-DA7E-4D2B-8A41-74F30FB2F008}.AppStore|iPhone.Build.0 = Release|Any CPU
		{597DE0F2-DA7E-4D2B-8A41-74F30FB2F008}.AppStore|iPhoneSimulator.ActiveCfg = Release|Any CPU
		{597DE0F2-DA7E-4D2B-8A41-74F30FB2F008}.AppStore|iPhoneSimulator.Build.0 = Release|Any CPU
		{597DE0F2-DA7E-4D2B-8A41-74F30FB2F008}.Debug|Any CPU.ActiveCfg = Debug|Any CPU
		{597DE0F2-DA7E-4D2B-8A41-74F30FB2F008}.Debug|Any CPU.Build.0 = Debug|Any CPU
		{597DE0F2-DA7E-4D2B-8A41-74F30FB2F008}.Debug|iPhone.ActiveCfg = Debug|Any CPU
		{597DE0F2-DA7E-4D2B-8A41-74F30FB2F008}.Debug|iPhone.Build.0 = Debug|Any CPU
		{597DE0F2-DA7E-4D2B-8A41-74F30FB2F008}.Debug|iPhoneSimulator.ActiveCfg = Debug|Any CPU
		{597DE0F2-DA7E-4D2B-8A41-74F30FB2F008}.Debug|iPhoneSimulator.Build.0 = Debug|Any CPU
		{597DE0F2-DA7E-4D2B-8A41-74F30FB2F008}.Release|Any CPU.ActiveCfg = Release|Any CPU
		{597DE0F2-DA7E-4D2B-8A41-74F30FB2F008}.Release|Any CPU.Build.0 = Release|Any CPU
		{597DE0F2-DA7E-4D2B-8A41-74F30FB2F008}.Release|iPhone.ActiveCfg = Release|Any CPU
		{597DE0F2-DA7E-4D2B-8A41-74F30FB2F008}.Release|iPhone.Build.0 = Release|Any CPU
		{597DE0F2-DA7E-4D2B-8A41-74F30FB2F008}.Release|iPhoneSimulator.ActiveCfg = Release|Any CPU
		{597DE0F2-DA7E-4D2B-8A41-74F30FB2F008}.Release|iPhoneSimulator.Build.0 = Release|Any CPU
		{105C240C-701B-4354-A50D-9C6ADFDC0D04}.Ad-Hoc|Any CPU.ActiveCfg = Release|Any CPU
		{105C240C-701B-4354-A50D-9C6ADFDC0D04}.Ad-Hoc|Any CPU.Build.0 = Release|Any CPU
		{105C240C-701B-4354-A50D-9C6ADFDC0D04}.Ad-Hoc|iPhone.ActiveCfg = Release|Any CPU
		{105C240C-701B-4354-A50D-9C6ADFDC0D04}.Ad-Hoc|iPhone.Build.0 = Release|Any CPU
		{105C240C-701B-4354-A50D-9C6ADFDC0D04}.Ad-Hoc|iPhoneSimulator.ActiveCfg = Release|Any CPU
		{105C240C-701B-4354-A50D-9C6ADFDC0D04}.Ad-Hoc|iPhoneSimulator.Build.0 = Release|Any CPU
		{105C240C-701B-4354-A50D-9C6ADFDC0D04}.AppStore|Any CPU.ActiveCfg = Release|Any CPU
		{105C240C-701B-4354-A50D-9C6ADFDC0D04}.AppStore|Any CPU.Build.0 = Release|Any CPU
		{105C240C-701B-4354-A50D-9C6ADFDC0D04}.AppStore|iPhone.ActiveCfg = Release|Any CPU
		{105C240C-701B-4354-A50D-9C6ADFDC0D04}.AppStore|iPhone.Build.0 = Release|Any CPU
		{105C240C-701B-4354-A50D-9C6ADFDC0D04}.AppStore|iPhoneSimulator.ActiveCfg = Release|Any CPU
		{105C240C-701B-4354-A50D-9C6ADFDC0D04}.AppStore|iPhoneSimulator.Build.0 = Release|Any CPU
		{105C240C-701B-4354-A50D-9C6ADFDC0D04}.Debug|Any CPU.ActiveCfg = Debug|Any CPU
		{105C240C-701B-4354-A50D-9C6ADFDC0D04}.Debug|Any CPU.Build.0 = Debug|Any CPU
		{105C240C-701B-4354-A50D-9C6ADFDC0D04}.Debug|iPhone.ActiveCfg = Debug|Any CPU
		{105C240C-701B-4354-A50D-9C6ADFDC0D04}.Debug|iPhone.Build.0 = Debug|Any CPU
		{105C240C-701B-4354-A50D-9C6ADFDC0D04}.Debug|iPhoneSimulator.ActiveCfg = Debug|Any CPU
		{105C240C-701B-4354-A50D-9C6ADFDC0D04}.Debug|iPhoneSimulator.Build.0 = Debug|Any CPU
		{105C240C-701B-4354-A50D-9C6ADFDC0D04}.Release|Any CPU.ActiveCfg = Release|Any CPU
		{105C240C-701B-4354-A50D-9C6ADFDC0D04}.Release|Any CPU.Build.0 = Release|Any CPU
		{105C240C-701B-4354-A50D-9C6ADFDC0D04}.Release|iPhone.ActiveCfg = Release|Any CPU
		{105C240C-701B-4354-A50D-9C6ADFDC0D04}.Release|iPhone.Build.0 = Release|Any CPU
		{105C240C-701B-4354-A50D-9C6ADFDC0D04}.Release|iPhoneSimulator.ActiveCfg = Release|Any CPU
		{105C240C-701B-4354-A50D-9C6ADFDC0D04}.Release|iPhoneSimulator.Build.0 = Release|Any CPU
		{8232AA88-E477-4626-A854-D3002C70F3A0}.Ad-Hoc|Any CPU.ActiveCfg = Release|Any CPU
		{8232AA88-E477-4626-A854-D3002C70F3A0}.Ad-Hoc|Any CPU.Build.0 = Release|Any CPU
		{8232AA88-E477-4626-A854-D3002C70F3A0}.Ad-Hoc|iPhone.ActiveCfg = Release|Any CPU
		{8232AA88-E477-4626-A854-D3002C70F3A0}.Ad-Hoc|iPhone.Build.0 = Release|Any CPU
		{8232AA88-E477-4626-A854-D3002C70F3A0}.Ad-Hoc|iPhoneSimulator.ActiveCfg = Release|Any CPU
		{8232AA88-E477-4626-A854-D3002C70F3A0}.Ad-Hoc|iPhoneSimulator.Build.0 = Release|Any CPU
		{8232AA88-E477-4626-A854-D3002C70F3A0}.AppStore|Any CPU.ActiveCfg = Release|Any CPU
		{8232AA88-E477-4626-A854-D3002C70F3A0}.AppStore|Any CPU.Build.0 = Release|Any CPU
		{8232AA88-E477-4626-A854-D3002C70F3A0}.AppStore|iPhone.ActiveCfg = Release|Any CPU
		{8232AA88-E477-4626-A854-D3002C70F3A0}.AppStore|iPhone.Build.0 = Release|Any CPU
		{8232AA88-E477-4626-A854-D3002C70F3A0}.AppStore|iPhoneSimulator.ActiveCfg = Release|Any CPU
		{8232AA88-E477-4626-A854-D3002C70F3A0}.AppStore|iPhoneSimulator.Build.0 = Release|Any CPU
		{8232AA88-E477-4626-A854-D3002C70F3A0}.Debug|Any CPU.ActiveCfg = Debug|Any CPU
		{8232AA88-E477-4626-A854-D3002C70F3A0}.Debug|Any CPU.Build.0 = Debug|Any CPU
		{8232AA88-E477-4626-A854-D3002C70F3A0}.Debug|iPhone.ActiveCfg = Debug|Any CPU
		{8232AA88-E477-4626-A854-D3002C70F3A0}.Debug|iPhone.Build.0 = Debug|Any CPU
		{8232AA88-E477-4626-A854-D3002C70F3A0}.Debug|iPhoneSimulator.ActiveCfg = Debug|Any CPU
		{8232AA88-E477-4626-A854-D3002C70F3A0}.Debug|iPhoneSimulator.Build.0 = Debug|Any CPU
		{8232AA88-E477-4626-A854-D3002C70F3A0}.Release|Any CPU.ActiveCfg = Release|Any CPU
		{8232AA88-E477-4626-A854-D3002C70F3A0}.Release|Any CPU.Build.0 = Release|Any CPU
		{8232AA88-E477-4626-A854-D3002C70F3A0}.Release|iPhone.ActiveCfg = Release|Any CPU
		{8232AA88-E477-4626-A854-D3002C70F3A0}.Release|iPhone.Build.0 = Release|Any CPU
		{8232AA88-E477-4626-A854-D3002C70F3A0}.Release|iPhoneSimulator.ActiveCfg = Release|Any CPU
		{8232AA88-E477-4626-A854-D3002C70F3A0}.Release|iPhoneSimulator.Build.0 = Release|Any CPU
		{EB4A0158-2089-4633-9D4E-345EAADC23B3}.Ad-Hoc|Any CPU.ActiveCfg = Release|Any CPU
		{EB4A0158-2089-4633-9D4E-345EAADC23B3}.Ad-Hoc|Any CPU.Build.0 = Release|Any CPU
		{EB4A0158-2089-4633-9D4E-345EAADC23B3}.Ad-Hoc|iPhone.ActiveCfg = Release|Any CPU
		{EB4A0158-2089-4633-9D4E-345EAADC23B3}.Ad-Hoc|iPhone.Build.0 = Release|Any CPU
		{EB4A0158-2089-4633-9D4E-345EAADC23B3}.Ad-Hoc|iPhoneSimulator.ActiveCfg = Release|Any CPU
		{EB4A0158-2089-4633-9D4E-345EAADC23B3}.Ad-Hoc|iPhoneSimulator.Build.0 = Release|Any CPU
		{EB4A0158-2089-4633-9D4E-345EAADC23B3}.AppStore|Any CPU.ActiveCfg = Release|Any CPU
		{EB4A0158-2089-4633-9D4E-345EAADC23B3}.AppStore|Any CPU.Build.0 = Release|Any CPU
		{EB4A0158-2089-4633-9D4E-345EAADC23B3}.AppStore|iPhone.ActiveCfg = Release|Any CPU
		{EB4A0158-2089-4633-9D4E-345EAADC23B3}.AppStore|iPhone.Build.0 = Release|Any CPU
		{EB4A0158-2089-4633-9D4E-345EAADC23B3}.AppStore|iPhoneSimulator.ActiveCfg = Release|Any CPU
		{EB4A0158-2089-4633-9D4E-345EAADC23B3}.AppStore|iPhoneSimulator.Build.0 = Release|Any CPU
		{EB4A0158-2089-4633-9D4E-345EAADC23B3}.Debug|Any CPU.ActiveCfg = Debug|Any CPU
		{EB4A0158-2089-4633-9D4E-345EAADC23B3}.Debug|Any CPU.Build.0 = Debug|Any CPU
		{EB4A0158-2089-4633-9D4E-345EAADC23B3}.Debug|iPhone.ActiveCfg = Debug|Any CPU
		{EB4A0158-2089-4633-9D4E-345EAADC23B3}.Debug|iPhone.Build.0 = Debug|Any CPU
		{EB4A0158-2089-4633-9D4E-345EAADC23B3}.Debug|iPhoneSimulator.ActiveCfg = Debug|Any CPU
		{EB4A0158-2089-4633-9D4E-345EAADC23B3}.Debug|iPhoneSimulator.Build.0 = Debug|Any CPU
		{EB4A0158-2089-4633-9D4E-345EAADC23B3}.Release|Any CPU.ActiveCfg = Release|Any CPU
		{EB4A0158-2089-4633-9D4E-345EAADC23B3}.Release|Any CPU.Build.0 = Release|Any CPU
		{EB4A0158-2089-4633-9D4E-345EAADC23B3}.Release|iPhone.ActiveCfg = Release|Any CPU
		{EB4A0158-2089-4633-9D4E-345EAADC23B3}.Release|iPhone.Build.0 = Release|Any CPU
		{EB4A0158-2089-4633-9D4E-345EAADC23B3}.Release|iPhoneSimulator.ActiveCfg = Release|Any CPU
		{EB4A0158-2089-4633-9D4E-345EAADC23B3}.Release|iPhoneSimulator.Build.0 = Release|Any CPU
		{CD056F1D-CC1D-4EB2-932B-573B8CE4DBEF}.Ad-Hoc|Any CPU.ActiveCfg = Release|Any CPU
		{CD056F1D-CC1D-4EB2-932B-573B8CE4DBEF}.Ad-Hoc|Any CPU.Build.0 = Release|Any CPU
		{CD056F1D-CC1D-4EB2-932B-573B8CE4DBEF}.Ad-Hoc|iPhone.ActiveCfg = Release|Any CPU
		{CD056F1D-CC1D-4EB2-932B-573B8CE4DBEF}.Ad-Hoc|iPhone.Build.0 = Release|Any CPU
		{CD056F1D-CC1D-4EB2-932B-573B8CE4DBEF}.Ad-Hoc|iPhoneSimulator.ActiveCfg = Release|Any CPU
		{CD056F1D-CC1D-4EB2-932B-573B8CE4DBEF}.Ad-Hoc|iPhoneSimulator.Build.0 = Release|Any CPU
		{CD056F1D-CC1D-4EB2-932B-573B8CE4DBEF}.AppStore|Any CPU.ActiveCfg = Release|Any CPU
		{CD056F1D-CC1D-4EB2-932B-573B8CE4DBEF}.AppStore|Any CPU.Build.0 = Release|Any CPU
		{CD056F1D-CC1D-4EB2-932B-573B8CE4DBEF}.AppStore|iPhone.ActiveCfg = Release|Any CPU
		{CD056F1D-CC1D-4EB2-932B-573B8CE4DBEF}.AppStore|iPhone.Build.0 = Release|Any CPU
		{CD056F1D-CC1D-4EB2-932B-573B8CE4DBEF}.AppStore|iPhoneSimulator.ActiveCfg = Release|Any CPU
		{CD056F1D-CC1D-4EB2-932B-573B8CE4DBEF}.AppStore|iPhoneSimulator.Build.0 = Release|Any CPU
		{CD056F1D-CC1D-4EB2-932B-573B8CE4DBEF}.Debug|Any CPU.ActiveCfg = Debug|Any CPU
		{CD056F1D-CC1D-4EB2-932B-573B8CE4DBEF}.Debug|Any CPU.Build.0 = Debug|Any CPU
		{CD056F1D-CC1D-4EB2-932B-573B8CE4DBEF}.Debug|iPhone.ActiveCfg = Debug|Any CPU
		{CD056F1D-CC1D-4EB2-932B-573B8CE4DBEF}.Debug|iPhone.Build.0 = Debug|Any CPU
		{CD056F1D-CC1D-4EB2-932B-573B8CE4DBEF}.Debug|iPhoneSimulator.ActiveCfg = Debug|Any CPU
		{CD056F1D-CC1D-4EB2-932B-573B8CE4DBEF}.Debug|iPhoneSimulator.Build.0 = Debug|Any CPU
		{CD056F1D-CC1D-4EB2-932B-573B8CE4DBEF}.Release|Any CPU.ActiveCfg = Release|Any CPU
		{CD056F1D-CC1D-4EB2-932B-573B8CE4DBEF}.Release|Any CPU.Build.0 = Release|Any CPU
		{CD056F1D-CC1D-4EB2-932B-573B8CE4DBEF}.Release|iPhone.ActiveCfg = Release|Any CPU
		{CD056F1D-CC1D-4EB2-932B-573B8CE4DBEF}.Release|iPhone.Build.0 = Release|Any CPU
		{CD056F1D-CC1D-4EB2-932B-573B8CE4DBEF}.Release|iPhoneSimulator.ActiveCfg = Release|Any CPU
		{CD056F1D-CC1D-4EB2-932B-573B8CE4DBEF}.Release|iPhoneSimulator.Build.0 = Release|Any CPU
		{2F0CF3C4-14B3-4DF9-BA71-8DE951A79E4E}.Ad-Hoc|Any CPU.ActiveCfg = Release|Any CPU
		{2F0CF3C4-14B3-4DF9-BA71-8DE951A79E4E}.Ad-Hoc|Any CPU.Build.0 = Release|Any CPU
		{2F0CF3C4-14B3-4DF9-BA71-8DE951A79E4E}.Ad-Hoc|iPhone.ActiveCfg = Release|Any CPU
		{2F0CF3C4-14B3-4DF9-BA71-8DE951A79E4E}.Ad-Hoc|iPhone.Build.0 = Release|Any CPU
		{2F0CF3C4-14B3-4DF9-BA71-8DE951A79E4E}.Ad-Hoc|iPhoneSimulator.ActiveCfg = Release|Any CPU
		{2F0CF3C4-14B3-4DF9-BA71-8DE951A79E4E}.Ad-Hoc|iPhoneSimulator.Build.0 = Release|Any CPU
		{2F0CF3C4-14B3-4DF9-BA71-8DE951A79E4E}.AppStore|Any CPU.ActiveCfg = Release|Any CPU
		{2F0CF3C4-14B3-4DF9-BA71-8DE951A79E4E}.AppStore|Any CPU.Build.0 = Release|Any CPU
		{2F0CF3C4-14B3-4DF9-BA71-8DE951A79E4E}.AppStore|iPhone.ActiveCfg = Release|Any CPU
		{2F0CF3C4-14B3-4DF9-BA71-8DE951A79E4E}.AppStore|iPhone.Build.0 = Release|Any CPU
		{2F0CF3C4-14B3-4DF9-BA71-8DE951A79E4E}.AppStore|iPhoneSimulator.ActiveCfg = Release|Any CPU
		{2F0CF3C4-14B3-4DF9-BA71-8DE951A79E4E}.AppStore|iPhoneSimulator.Build.0 = Release|Any CPU
		{2F0CF3C4-14B3-4DF9-BA71-8DE951A79E4E}.Debug|Any CPU.ActiveCfg = Debug|Any CPU
		{2F0CF3C4-14B3-4DF9-BA71-8DE951A79E4E}.Debug|Any CPU.Build.0 = Debug|Any CPU
		{2F0CF3C4-14B3-4DF9-BA71-8DE951A79E4E}.Debug|iPhone.ActiveCfg = Debug|Any CPU
		{2F0CF3C4-14B3-4DF9-BA71-8DE951A79E4E}.Debug|iPhone.Build.0 = Debug|Any CPU
		{2F0CF3C4-14B3-4DF9-BA71-8DE951A79E4E}.Debug|iPhoneSimulator.ActiveCfg = Debug|Any CPU
		{2F0CF3C4-14B3-4DF9-BA71-8DE951A79E4E}.Debug|iPhoneSimulator.Build.0 = Debug|Any CPU
		{2F0CF3C4-14B3-4DF9-BA71-8DE951A79E4E}.Release|Any CPU.ActiveCfg = Release|Any CPU
		{2F0CF3C4-14B3-4DF9-BA71-8DE951A79E4E}.Release|Any CPU.Build.0 = Release|Any CPU
		{2F0CF3C4-14B3-4DF9-BA71-8DE951A79E4E}.Release|iPhone.ActiveCfg = Release|Any CPU
		{2F0CF3C4-14B3-4DF9-BA71-8DE951A79E4E}.Release|iPhone.Build.0 = Release|Any CPU
		{2F0CF3C4-14B3-4DF9-BA71-8DE951A79E4E}.Release|iPhoneSimulator.ActiveCfg = Release|Any CPU
		{2F0CF3C4-14B3-4DF9-BA71-8DE951A79E4E}.Release|iPhoneSimulator.Build.0 = Release|Any CPU
		{C36B20D4-A0E4-44FC-92D7-A6F1BB9E1B4F}.Ad-Hoc|Any CPU.ActiveCfg = Release|Any CPU
		{C36B20D4-A0E4-44FC-92D7-A6F1BB9E1B4F}.Ad-Hoc|Any CPU.Build.0 = Release|Any CPU
		{C36B20D4-A0E4-44FC-92D7-A6F1BB9E1B4F}.Ad-Hoc|iPhone.ActiveCfg = Release|Any CPU
		{C36B20D4-A0E4-44FC-92D7-A6F1BB9E1B4F}.Ad-Hoc|iPhone.Build.0 = Release|Any CPU
		{C36B20D4-A0E4-44FC-92D7-A6F1BB9E1B4F}.Ad-Hoc|iPhoneSimulator.ActiveCfg = Release|Any CPU
		{C36B20D4-A0E4-44FC-92D7-A6F1BB9E1B4F}.Ad-Hoc|iPhoneSimulator.Build.0 = Release|Any CPU
		{C36B20D4-A0E4-44FC-92D7-A6F1BB9E1B4F}.AppStore|Any CPU.ActiveCfg = Release|Any CPU
		{C36B20D4-A0E4-44FC-92D7-A6F1BB9E1B4F}.AppStore|Any CPU.Build.0 = Release|Any CPU
		{C36B20D4-A0E4-44FC-92D7-A6F1BB9E1B4F}.AppStore|iPhone.ActiveCfg = Release|Any CPU
		{C36B20D4-A0E4-44FC-92D7-A6F1BB9E1B4F}.AppStore|iPhone.Build.0 = Release|Any CPU
		{C36B20D4-A0E4-44FC-92D7-A6F1BB9E1B4F}.AppStore|iPhoneSimulator.ActiveCfg = Release|Any CPU
		{C36B20D4-A0E4-44FC-92D7-A6F1BB9E1B4F}.AppStore|iPhoneSimulator.Build.0 = Release|Any CPU
		{C36B20D4-A0E4-44FC-92D7-A6F1BB9E1B4F}.Debug|Any CPU.ActiveCfg = Debug|Any CPU
		{C36B20D4-A0E4-44FC-92D7-A6F1BB9E1B4F}.Debug|Any CPU.Build.0 = Debug|Any CPU
		{C36B20D4-A0E4-44FC-92D7-A6F1BB9E1B4F}.Debug|iPhone.ActiveCfg = Debug|Any CPU
		{C36B20D4-A0E4-44FC-92D7-A6F1BB9E1B4F}.Debug|iPhone.Build.0 = Debug|Any CPU
		{C36B20D4-A0E4-44FC-92D7-A6F1BB9E1B4F}.Debug|iPhoneSimulator.ActiveCfg = Debug|Any CPU
		{C36B20D4-A0E4-44FC-92D7-A6F1BB9E1B4F}.Debug|iPhoneSimulator.Build.0 = Debug|Any CPU
		{C36B20D4-A0E4-44FC-92D7-A6F1BB9E1B4F}.Release|Any CPU.ActiveCfg = Release|Any CPU
		{C36B20D4-A0E4-44FC-92D7-A6F1BB9E1B4F}.Release|Any CPU.Build.0 = Release|Any CPU
		{C36B20D4-A0E4-44FC-92D7-A6F1BB9E1B4F}.Release|iPhone.ActiveCfg = Release|Any CPU
		{C36B20D4-A0E4-44FC-92D7-A6F1BB9E1B4F}.Release|iPhone.Build.0 = Release|Any CPU
		{C36B20D4-A0E4-44FC-92D7-A6F1BB9E1B4F}.Release|iPhoneSimulator.ActiveCfg = Release|Any CPU
		{C36B20D4-A0E4-44FC-92D7-A6F1BB9E1B4F}.Release|iPhoneSimulator.Build.0 = Release|Any CPU
		{C73EDD65-17B8-4669-9189-B25F19F73FA1}.Ad-Hoc|Any CPU.ActiveCfg = Ad-Hoc|iPhone
		{C73EDD65-17B8-4669-9189-B25F19F73FA1}.Ad-Hoc|iPhone.ActiveCfg = Ad-Hoc|iPhone
		{C73EDD65-17B8-4669-9189-B25F19F73FA1}.Ad-Hoc|iPhone.Build.0 = Ad-Hoc|iPhone
		{C73EDD65-17B8-4669-9189-B25F19F73FA1}.Ad-Hoc|iPhoneSimulator.ActiveCfg = Ad-Hoc|iPhoneSimulator
		{C73EDD65-17B8-4669-9189-B25F19F73FA1}.Ad-Hoc|iPhoneSimulator.Build.0 = Ad-Hoc|iPhoneSimulator
		{C73EDD65-17B8-4669-9189-B25F19F73FA1}.AppStore|Any CPU.ActiveCfg = AppStore|iPhone
		{C73EDD65-17B8-4669-9189-B25F19F73FA1}.AppStore|iPhone.ActiveCfg = AppStore|iPhone
		{C73EDD65-17B8-4669-9189-B25F19F73FA1}.AppStore|iPhone.Build.0 = AppStore|iPhone
		{C73EDD65-17B8-4669-9189-B25F19F73FA1}.AppStore|iPhoneSimulator.ActiveCfg = AppStore|iPhoneSimulator
		{C73EDD65-17B8-4669-9189-B25F19F73FA1}.AppStore|iPhoneSimulator.Build.0 = AppStore|iPhoneSimulator
		{C73EDD65-17B8-4669-9189-B25F19F73FA1}.Debug|Any CPU.ActiveCfg = Debug|iPhone
		{C73EDD65-17B8-4669-9189-B25F19F73FA1}.Debug|iPhone.ActiveCfg = Debug|iPhone
		{C73EDD65-17B8-4669-9189-B25F19F73FA1}.Debug|iPhone.Build.0 = Debug|iPhone
		{C73EDD65-17B8-4669-9189-B25F19F73FA1}.Debug|iPhoneSimulator.ActiveCfg = Debug|iPhoneSimulator
		{C73EDD65-17B8-4669-9189-B25F19F73FA1}.Debug|iPhoneSimulator.Build.0 = Debug|iPhoneSimulator
		{C73EDD65-17B8-4669-9189-B25F19F73FA1}.Release|Any CPU.ActiveCfg = Release|iPhone
		{C73EDD65-17B8-4669-9189-B25F19F73FA1}.Release|iPhone.ActiveCfg = Release|iPhone
		{C73EDD65-17B8-4669-9189-B25F19F73FA1}.Release|iPhone.Build.0 = Release|iPhone
		{C73EDD65-17B8-4669-9189-B25F19F73FA1}.Release|iPhoneSimulator.ActiveCfg = Release|iPhoneSimulator
		{C73EDD65-17B8-4669-9189-B25F19F73FA1}.Release|iPhoneSimulator.Build.0 = Release|iPhoneSimulator
		{8D5BB77B-C518-4E82-A749-8362A13CD968}.Ad-Hoc|Any CPU.ActiveCfg = Release|Any CPU
		{8D5BB77B-C518-4E82-A749-8362A13CD968}.Ad-Hoc|Any CPU.Build.0 = Release|Any CPU
		{8D5BB77B-C518-4E82-A749-8362A13CD968}.Ad-Hoc|iPhone.ActiveCfg = Release|Any CPU
		{8D5BB77B-C518-4E82-A749-8362A13CD968}.Ad-Hoc|iPhone.Build.0 = Release|Any CPU
		{8D5BB77B-C518-4E82-A749-8362A13CD968}.Ad-Hoc|iPhoneSimulator.ActiveCfg = Release|Any CPU
		{8D5BB77B-C518-4E82-A749-8362A13CD968}.Ad-Hoc|iPhoneSimulator.Build.0 = Release|Any CPU
		{8D5BB77B-C518-4E82-A749-8362A13CD968}.AppStore|Any CPU.ActiveCfg = Release|Any CPU
		{8D5BB77B-C518-4E82-A749-8362A13CD968}.AppStore|Any CPU.Build.0 = Release|Any CPU
		{8D5BB77B-C518-4E82-A749-8362A13CD968}.AppStore|iPhone.ActiveCfg = Release|Any CPU
		{8D5BB77B-C518-4E82-A749-8362A13CD968}.AppStore|iPhone.Build.0 = Release|Any CPU
		{8D5BB77B-C518-4E82-A749-8362A13CD968}.AppStore|iPhoneSimulator.ActiveCfg = Release|Any CPU
		{8D5BB77B-C518-4E82-A749-8362A13CD968}.AppStore|iPhoneSimulator.Build.0 = Release|Any CPU
		{8D5BB77B-C518-4E82-A749-8362A13CD968}.Debug|Any CPU.ActiveCfg = Debug|Any CPU
		{8D5BB77B-C518-4E82-A749-8362A13CD968}.Debug|Any CPU.Build.0 = Debug|Any CPU
		{8D5BB77B-C518-4E82-A749-8362A13CD968}.Debug|iPhone.ActiveCfg = Debug|Any CPU
		{8D5BB77B-C518-4E82-A749-8362A13CD968}.Debug|iPhone.Build.0 = Debug|Any CPU
		{8D5BB77B-C518-4E82-A749-8362A13CD968}.Debug|iPhoneSimulator.ActiveCfg = Debug|Any CPU
		{8D5BB77B-C518-4E82-A749-8362A13CD968}.Debug|iPhoneSimulator.Build.0 = Debug|Any CPU
		{8D5BB77B-C518-4E82-A749-8362A13CD968}.Release|Any CPU.ActiveCfg = Release|Any CPU
		{8D5BB77B-C518-4E82-A749-8362A13CD968}.Release|Any CPU.Build.0 = Release|Any CPU
		{8D5BB77B-C518-4E82-A749-8362A13CD968}.Release|iPhone.ActiveCfg = Release|Any CPU
		{8D5BB77B-C518-4E82-A749-8362A13CD968}.Release|iPhone.Build.0 = Release|Any CPU
		{8D5BB77B-C518-4E82-A749-8362A13CD968}.Release|iPhoneSimulator.ActiveCfg = Release|Any CPU
		{8D5BB77B-C518-4E82-A749-8362A13CD968}.Release|iPhoneSimulator.Build.0 = Release|Any CPU
		{A6849EA8-E17C-47D4-A963-34F33471DA1C}.Ad-Hoc|Any CPU.ActiveCfg = Release|Any CPU
		{A6849EA8-E17C-47D4-A963-34F33471DA1C}.Ad-Hoc|Any CPU.Build.0 = Release|Any CPU
		{A6849EA8-E17C-47D4-A963-34F33471DA1C}.Ad-Hoc|iPhone.ActiveCfg = Release|Any CPU
		{A6849EA8-E17C-47D4-A963-34F33471DA1C}.Ad-Hoc|iPhone.Build.0 = Release|Any CPU
		{A6849EA8-E17C-47D4-A963-34F33471DA1C}.Ad-Hoc|iPhoneSimulator.ActiveCfg = Release|Any CPU
		{A6849EA8-E17C-47D4-A963-34F33471DA1C}.Ad-Hoc|iPhoneSimulator.Build.0 = Release|Any CPU
		{A6849EA8-E17C-47D4-A963-34F33471DA1C}.AppStore|Any CPU.ActiveCfg = Release|Any CPU
		{A6849EA8-E17C-47D4-A963-34F33471DA1C}.AppStore|Any CPU.Build.0 = Release|Any CPU
		{A6849EA8-E17C-47D4-A963-34F33471DA1C}.AppStore|iPhone.ActiveCfg = Release|Any CPU
		{A6849EA8-E17C-47D4-A963-34F33471DA1C}.AppStore|iPhone.Build.0 = Release|Any CPU
		{A6849EA8-E17C-47D4-A963-34F33471DA1C}.AppStore|iPhoneSimulator.ActiveCfg = Release|Any CPU
		{A6849EA8-E17C-47D4-A963-34F33471DA1C}.AppStore|iPhoneSimulator.Build.0 = Release|Any CPU
		{A6849EA8-E17C-47D4-A963-34F33471DA1C}.Debug|Any CPU.ActiveCfg = Debug|Any CPU
		{A6849EA8-E17C-47D4-A963-34F33471DA1C}.Debug|Any CPU.Build.0 = Debug|Any CPU
		{A6849EA8-E17C-47D4-A963-34F33471DA1C}.Debug|iPhone.ActiveCfg = Debug|Any CPU
		{A6849EA8-E17C-47D4-A963-34F33471DA1C}.Debug|iPhone.Build.0 = Debug|Any CPU
		{A6849EA8-E17C-47D4-A963-34F33471DA1C}.Debug|iPhoneSimulator.ActiveCfg = Debug|Any CPU
		{A6849EA8-E17C-47D4-A963-34F33471DA1C}.Debug|iPhoneSimulator.Build.0 = Debug|Any CPU
		{A6849EA8-E17C-47D4-A963-34F33471DA1C}.Release|Any CPU.ActiveCfg = Release|Any CPU
		{A6849EA8-E17C-47D4-A963-34F33471DA1C}.Release|Any CPU.Build.0 = Release|Any CPU
		{A6849EA8-E17C-47D4-A963-34F33471DA1C}.Release|iPhone.ActiveCfg = Release|Any CPU
		{A6849EA8-E17C-47D4-A963-34F33471DA1C}.Release|iPhone.Build.0 = Release|Any CPU
		{A6849EA8-E17C-47D4-A963-34F33471DA1C}.Release|iPhoneSimulator.ActiveCfg = Release|Any CPU
		{A6849EA8-E17C-47D4-A963-34F33471DA1C}.Release|iPhoneSimulator.Build.0 = Release|Any CPU
		{741E4A61-9AC6-4F48-A09E-0DE326DB7F51}.Ad-Hoc|Any CPU.ActiveCfg = Release|Any CPU
		{741E4A61-9AC6-4F48-A09E-0DE326DB7F51}.Ad-Hoc|Any CPU.Build.0 = Release|Any CPU
		{741E4A61-9AC6-4F48-A09E-0DE326DB7F51}.Ad-Hoc|iPhone.ActiveCfg = Release|Any CPU
		{741E4A61-9AC6-4F48-A09E-0DE326DB7F51}.Ad-Hoc|iPhone.Build.0 = Release|Any CPU
		{741E4A61-9AC6-4F48-A09E-0DE326DB7F51}.Ad-Hoc|iPhoneSimulator.ActiveCfg = Release|Any CPU
		{741E4A61-9AC6-4F48-A09E-0DE326DB7F51}.Ad-Hoc|iPhoneSimulator.Build.0 = Release|Any CPU
		{741E4A61-9AC6-4F48-A09E-0DE326DB7F51}.AppStore|Any CPU.ActiveCfg = Release|Any CPU
		{741E4A61-9AC6-4F48-A09E-0DE326DB7F51}.AppStore|Any CPU.Build.0 = Release|Any CPU
		{741E4A61-9AC6-4F48-A09E-0DE326DB7F51}.AppStore|iPhone.ActiveCfg = Release|Any CPU
		{741E4A61-9AC6-4F48-A09E-0DE326DB7F51}.AppStore|iPhone.Build.0 = Release|Any CPU
		{741E4A61-9AC6-4F48-A09E-0DE326DB7F51}.AppStore|iPhoneSimulator.ActiveCfg = Release|Any CPU
		{741E4A61-9AC6-4F48-A09E-0DE326DB7F51}.AppStore|iPhoneSimulator.Build.0 = Release|Any CPU
		{741E4A61-9AC6-4F48-A09E-0DE326DB7F51}.Debug|Any CPU.ActiveCfg = Debug|Any CPU
		{741E4A61-9AC6-4F48-A09E-0DE326DB7F51}.Debug|Any CPU.Build.0 = Debug|Any CPU
		{741E4A61-9AC6-4F48-A09E-0DE326DB7F51}.Debug|iPhone.ActiveCfg = Debug|Any CPU
		{741E4A61-9AC6-4F48-A09E-0DE326DB7F51}.Debug|iPhone.Build.0 = Debug|Any CPU
		{741E4A61-9AC6-4F48-A09E-0DE326DB7F51}.Debug|iPhoneSimulator.ActiveCfg = Debug|Any CPU
		{741E4A61-9AC6-4F48-A09E-0DE326DB7F51}.Debug|iPhoneSimulator.Build.0 = Debug|Any CPU
		{741E4A61-9AC6-4F48-A09E-0DE326DB7F51}.Release|Any CPU.ActiveCfg = Release|Any CPU
		{741E4A61-9AC6-4F48-A09E-0DE326DB7F51}.Release|Any CPU.Build.0 = Release|Any CPU
		{741E4A61-9AC6-4F48-A09E-0DE326DB7F51}.Release|iPhone.ActiveCfg = Release|Any CPU
		{741E4A61-9AC6-4F48-A09E-0DE326DB7F51}.Release|iPhone.Build.0 = Release|Any CPU
		{741E4A61-9AC6-4F48-A09E-0DE326DB7F51}.Release|iPhoneSimulator.ActiveCfg = Release|Any CPU
		{741E4A61-9AC6-4F48-A09E-0DE326DB7F51}.Release|iPhoneSimulator.Build.0 = Release|Any CPU
	EndGlobalSection
	GlobalSection(SolutionProperties) = preSolution
		HideSolutionNode = FALSE
	EndGlobalSection
	GlobalSection(NestedProjects) = preSolution
		{6424D058-29DF-420B-A6AD-9932B8831263} = {15F82DE5-29F5-4BB6-8EE1-1403C2B4CFA7}
		{4A87B9F7-EB81-48AA-948E-9A7D08033D1B} = {15F82DE5-29F5-4BB6-8EE1-1403C2B4CFA7}
		{01E58EC4-BD48-4649-9149-E360D96CC2E9} = {70FA204E-64F5-4BDB-A565-A57D49D0565C}
		{D09C4D98-BDCC-4B12-BBC6-51B953F39944} = {CB31B0CA-8E5C-4562-A32B-52FEB6D7803F}
		{7AF17172-9831-4722-A0B8-CB865B7CEBE0} = {6424D058-29DF-420B-A6AD-9932B8831263}
		{2A7B8CC8-4824-4285-AADF-0BA252551D39} = {4BDA5D13-F5EA-4D7F-9055-0ED384BD9051}
		{11DC9F47-F369-4977-96F5-EC0732E2AD82} = {6424D058-29DF-420B-A6AD-9932B8831263}
		{0504E340-EE28-47A4-8BBA-79453D66475D} = {CB31B0CA-8E5C-4562-A32B-52FEB6D7803F}
		{361DEE9E-B121-49FB-B9F9-B019B2A8D3A6} = {CB31B0CA-8E5C-4562-A32B-52FEB6D7803F}
		{AF28F53B-0B28-40F3-ACEC-1D95FE012827} = {6424D058-29DF-420B-A6AD-9932B8831263}
		{597DE0F2-DA7E-4D2B-8A41-74F30FB2F008} = {6424D058-29DF-420B-A6AD-9932B8831263}
		{105C240C-701B-4354-A50D-9C6ADFDC0D04} = {CB31B0CA-8E5C-4562-A32B-52FEB6D7803F}
		{8232AA88-E477-4626-A854-D3002C70F3A0} = {34717DFE-9D79-4829-A4C7-E10D8FB374A9}
		{EB4A0158-2089-4633-9D4E-345EAADC23B3} = {4BDA5D13-F5EA-4D7F-9055-0ED384BD9051}
		{CD056F1D-CC1D-4EB2-932B-573B8CE4DBEF} = {CB31B0CA-8E5C-4562-A32B-52FEB6D7803F}
		{2F0CF3C4-14B3-4DF9-BA71-8DE951A79E4E} = {70FA204E-64F5-4BDB-A565-A57D49D0565C}
		{C36B20D4-A0E4-44FC-92D7-A6F1BB9E1B4F} = {CB31B0CA-8E5C-4562-A32B-52FEB6D7803F}
		{C73EDD65-17B8-4669-9189-B25F19F73FA1} = {70FA204E-64F5-4BDB-A565-A57D49D0565C}
		{8D5BB77B-C518-4E82-A749-8362A13CD968} = {4A87B9F7-EB81-48AA-948E-9A7D08033D1B}
		{A6849EA8-E17C-47D4-A963-34F33471DA1C} = {4A87B9F7-EB81-48AA-948E-9A7D08033D1B}
		{741E4A61-9AC6-4F48-A09E-0DE326DB7F51} = {70FA204E-64F5-4BDB-A565-A57D49D0565C}
	EndGlobalSection
	GlobalSection(TeamFoundationVersionControl) = preSolution
		SccNumberOfProjects = 21
		SccEnterpriseProvider = {4CA58AB2-18FA-4F8D-95D4-32DDF27D184C}
		SccTeamFoundationServer = https://2pip2.visualstudio.com/
		SccLocalPath0 = .
		SccProjectUniqueName1 = Brauna.Domain\\Brauna.Domain.csproj
		SccProjectTopLevelParentUniqueName1 = ProjetoDDD2PiP2.sln
		SccProjectName1 = Brauna.Domain
		SccLocalPath1 = Brauna.Domain
		SccProjectUniqueName2 = Brauna.Infra.Data\\Brauna.Infra.Data.csproj
		SccProjectTopLevelParentUniqueName2 = ProjetoDDD2PiP2.sln
		SccProjectName2 = Brauna.Infra.Data
		SccLocalPath2 = Brauna.Infra.Data
		SccProjectUniqueName3 = Brauna.Services\\Brauna.Services.csproj
		SccProjectTopLevelParentUniqueName3 = ProjetoDDD2PiP2.sln
		SccProjectName3 = Brauna.Services
		SccLocalPath3 = Brauna.Services
		SccProjectUniqueName4 = Fenix.Domain\\Fenix.Domain.csproj
		SccProjectTopLevelParentUniqueName4 = ProjetoDDD2PiP2.sln
		SccProjectName4 = Fenix.Domain
		SccLocalPath4 = Fenix.Domain
		SccProjectUniqueName5 = Fenix.Infra.Data\\Fenix.Infra.Data.csproj
		SccProjectTopLevelParentUniqueName5 = ProjetoDDD2PiP2.sln
		SccProjectName5 = Fenix.Infra.Data
		SccLocalPath5 = Fenix.Infra.Data
		SccProjectUniqueName6 = ProjetoDDD2PiP2.Application\\ProjetoDDD2PiP2.Application.csproj
		SccProjectTopLevelParentUniqueName6 = ProjetoDDD2PiP2.sln
		SccProjectName6 = ProjetoDDD2PiP2.Application
		SccLocalPath6 = ProjetoDDD2PiP2.Application
		SccProjectUniqueName7 = ProjetoDDD2PiP2.Domain\\ProjetoDDD2PiP2.Domain.csproj
		SccProjectTopLevelParentUniqueName7 = ProjetoDDD2PiP2.sln
		SccProjectName7 = ProjetoDDD2PiP2.Domain
		SccLocalPath7 = ProjetoDDD2PiP2.Domain
		SccProjectUniqueName8 = ProjetoDDD2PiP2.Infra.Data\\ProjetoDDD2PiP2.Infra.Data.csproj
		SccProjectTopLevelParentUniqueName8 = ProjetoDDD2PiP2.sln
		SccProjectName8 = ProjetoDDD2PiP2.Infra.Data
		SccLocalPath8 = ProjetoDDD2PiP2.Infra.Data
		SccProjectUniqueName9 = ProjetoDDD2PiP2.MVC\\ProjetoDDD2PiP2.MVC.csproj
		SccProjectTopLevelParentUniqueName9 = ProjetoDDD2PiP2.sln
		SccProjectName9 = ProjetoDDD2PiP2.MVC
		SccLocalPath9 = ProjetoDDD2PiP2.MVC
		SccProjectUniqueName10 = Seek4Job.Domain\\Seek4Job.Domain.csproj
		SccProjectTopLevelParentUniqueName10 = ProjetoDDD2PiP2.sln
		SccProjectName10 = Seek4Job.Domain
		SccLocalPath10 = Seek4Job.Domain
		SccProjectUniqueName11 = Verre.Domain\\Verre.Domain.csproj
		SccProjectTopLevelParentUniqueName11 = ProjetoDDD2PiP2.sln
		SccProjectName11 = Verre.Domain
		SccLocalPath11 = Verre.Domain
		SccProjectUniqueName12 = Verre.MVC\\Verre.MVC.csproj
		SccProjectTopLevelParentUniqueName12 = ProjetoDDD2PiP2.sln
		SccProjectName12 = Verre.MVC
		SccLocalPath12 = Verre.MVC
		SccProjectUniqueName13 = Verre\\Verre.Infra.Data.csproj
		SccProjectTopLevelParentUniqueName13 = ProjetoDDD2PiP2.sln
		SccProjectName13 = Verre
		SccLocalPath13 = Verre
		SccProjectUniqueName14 = AudIO.Domain\\AudIO.Domain.csproj
		SccProjectTopLevelParentUniqueName14 = ProjetoDDD2PiP2.sln
		SccProjectName14 = AudIO.Domain
		SccLocalPath14 = AudIO.Domain
		SccProjectUniqueName15 = NoteFone.MVC\\NoteFone.MVC.csproj
		SccProjectTopLevelParentUniqueName15 = ProjetoDDD2PiP2.sln
		SccProjectName15 = NoteFone.MVC
		SccLocalPath15 = NoteFone.MVC
		SccProjectUniqueName16 = Fenix.Application\\Verre.Application.csproj
		SccProjectTopLevelParentUniqueName16 = ProjetoDDD2PiP2.sln
		SccProjectName16 = Fenix.Application
		SccLocalPath16 = Fenix.Application
		SccProjectUniqueName17 = Verre1.Mobi.iOS\\Verre1.Mobi.iOS.csproj
		SccProjectTopLevelParentUniqueName17 = ProjetoDDD2PiP2.sln
		SccProjectName17 = Verre1.Mobi.iOS
		SccLocalPath17 = Verre1.Mobi.iOS
		SccProjectUniqueName18 = Portal.Infra.CrossCutting\\Portal.Infra.CrossCutting.Identity.csproj
		SccProjectTopLevelParentUniqueName18 = ProjetoDDD2PiP2.sln
		SccProjectName18 = Portal.Infra.CrossCutting
		SccLocalPath18 = Portal.Infra.CrossCutting
		SccProjectUniqueName19 = Verre.WebAPI\\Verre.WebAPI.csproj
		SccProjectTopLevelParentUniqueName19 = ProjetoDDD2PiP2.sln
		SccProjectName19 = Verre.WebAPI
		SccLocalPath19 = Verre.WebAPI
		SccProjectUniqueName20 = Portal.Infra.CrossCuting.IoC\\Portal.Infra.CrossCutting.IoC.csproj
		SccProjectTopLevelParentUniqueName20 = ProjetoDDD2PiP2.sln
		SccProjectName20 = Portal.Infra.CrossCuting.IoC
		SccLocalPath20 = Portal.Infra.CrossCuting.IoC
	EndGlobalSection
EndGlobal
